
Microsoft Visual Studio Solution File, Format Version 12.00
# Visual Studio Version 17
VisualStudioVersion = 17.9.34607.119
MinimumVisualStudioVersion = 10.0.40219.1
Project("{FAE04EC0-301F-11D3-BF4B-00C04F79EFBC}") = "FrenshipRings", "FrenshipRings.csproj", "{4E2CA0B1-32E7-46A1-84B5-EA105D4D7284}"
EndProject
Global
	GlobalSection(SolutionConfigurationPlatforms) = preSolution
		Debug|Any CPU = Debug|Any CPU
		Release|Any CPU = Release|Any CPU
	EndGlobalSection
	GlobalSection(ProjectConfigurationPlatforms) = postSolution
		{4E2CA0B1-32E7-46A1-84B5-EA105D4D7284}.Debug|Any CPU.ActiveCfg = Debug|Any CPU
		{4E2CA0B1-32E7-46A1-84B5-EA105D4D7284}.Debug|Any CPU.Build.0 = Debug|Any CPU
		{4E2CA0B1-32E7-46A1-84B5-EA105D4D7284}.Release|Any CPU.ActiveCfg = Release|Any CPU
		{4E2CA0B1-32E7-46A1-84B5-EA105D4D7284}.Release|Any CPU.Build.0 = Release|Any CPU
	EndGlobalSection
	GlobalSection(SolutionProperties) = preSolution
		HideSolutionNode = FALSE
	EndGlobalSection
	GlobalSection(ExtensibilityGlobals) = postSolution
		SolutionGuid = {2ABB8CA1-B588-4B05-B40F-6BBB985CEC9C}
	EndGlobalSection
EndGlobal
