
Microsoft Visual Studio Solution File, Format Version 12.00
# Visual Studio Version 17
VisualStudioVersion = 17.9.34616.47
MinimumVisualStudioVersion = 10.0.40219.1
Project("{9A19103F-16F7-4668-BE54-9A1E7A4F7556}") = "BetterFruitTrees", "BetterFruitTrees\BetterFruitTrees.csproj", "{0A3E82F3-468F-40EB-B7A2-84D3F9B18A1C}"
EndProject
Project("{9A19103F-16F7-4668-BE54-9A1E7A4F7556}") = "HorseReskin", "HorseReskin\HorseReskin.csproj", "{7E0316A1-A76F-40B1-B27B-75C55542D190}"
EndProject
Project("{9A19103F-16F7-4668-BE54-9A1E7A4F7556}") = "MorePetBreeds", "MorePetBreeds\MorePetBreeds.csproj", "{0E5BD229-2F96-49EC-A1F4-A4F5017977BB}"
EndProject
Project("{2150E333-8FDC-42A3-9474-1A3956D46DE8}") = "Content Patcher Mods", "Content Patcher Mods", "{4C87A715-325F-4A64-9520-EC4CA2ECE682}"
EndProject
Project("{9A19103F-16F7-4668-BE54-9A1E7A4F7556}") = "[CP] BigTreeBuildings", "[CP] BigTreeBuildings\[CP] BigTreeBuildings.csproj", "{5E1DB977-1787-4FFD-9572-6ECD72E1E640}"
EndProject
Project("{9A19103F-16F7-4668-BE54-9A1E7A4F7556}") = "[CP] HalloweenFeelings", "[CP] HalloweenFeelings\[CP] HalloweenFeelings.csproj", "{DED39D00-4846-45D4-A4E4-6B63692CF28D}"
EndProject
Project("{9A19103F-16F7-4668-BE54-9A1E7A4F7556}") = "[CP] HauntedWoodsFarm", "[CP] HauntedWoodsFarm\[CP] HauntedWoodsFarm.csproj", "{6A675D81-E006-4DF7-A7E4-B2A17C4EEC8C}"
EndProject
Project("{9A19103F-16F7-4668-BE54-9A1E7A4F7556}") = "[CP] MoreAnimalSkins", "[CP] MoreAnimalSkins\[CP] MoreAnimalSkins.csproj", "{7EBD343A-71BE-472F-9B87-4DAC4F21CD63}"
EndProject
Project("{9A19103F-16F7-4668-BE54-9A1E7A4F7556}") = "[CP] MoreFarmAnimals", "[CP] MoreFarmAnimals\[CP] MoreFarmAnimals.csproj", "{3F69A2CB-0A65-4D02-8DA0-BB08F813BB70}"
EndProject
Project("{9A19103F-16F7-4668-BE54-9A1E7A4F7556}") = "[CP] MoreFruitTrees", "[CP] MoreFruitTrees\[CP] MoreFruitTrees.csproj", "{F4812CEE-02EC-4863-833B-AE78184ACD7C}"
EndProject
Project("{9A19103F-16F7-4668-BE54-9A1E7A4F7556}") = "[CP] PlantFruitTreesAnywhere", "[CP] PlantFruitTreesAnywhere\[CP] PlantFruitTreesAnywhere.csproj", "{257B4226-D969-4CB0-8164-AAECB16410E4}"
EndProject
Project("{9A19103F-16F7-4668-BE54-9A1E7A4F7556}") = "[CP] JunimoValley", "[CP] JunimoValley\[CP] JunimoValley.csproj", "{D6A7E555-B2FB-4961-BD96-8500B2EA492D}"
EndProject
Project("{9A19103F-16F7-4668-BE54-9A1E7A4F7556}") = "FrenshipRings", "FrenshipRings\FrenshipRings.csproj", "{34CDC2E0-161B-4345-9914-2146EBE7D85B}"
EndProject
Project("{9A19103F-16F7-4668-BE54-9A1E7A4F7556}") = "DeepSea", "DeepSea\DeepSea.csproj", "{92DE952B-0BCB-4633-923D-8306954CC019}"
EndProject
Project("{9A19103F-16F7-4668-BE54-9A1E7A4F7556}") = "[CP] GhostTownMaps", "[CP] GhostTownMaps\[CP] GhostTownMaps.csproj", "{6C97D606-80A3-4080-986A-602A42BDE4E3}"
EndProject
Project("{9A19103F-16F7-4668-BE54-9A1E7A4F7556}") = "[CP] MoreWildTrees", "[CP] MoreWildTrees\[CP] MoreWildTrees.csproj", "{29EAD9EA-B206-426C-B5E9-FFDA2C3F4BC5}"
EndProject
Project("{9A19103F-16F7-4668-BE54-9A1E7A4F7556}") = "WalkToTheDesert", "WalkToTheDesert\WalkToTheDesert.csproj", "{EB1D0E11-2CB9-4DDC-8E7F-30DFE1594B6D}"
EndProject
Global
	GlobalSection(SolutionConfigurationPlatforms) = preSolution
		Debug|Any CPU = Debug|Any CPU
		Release|Any CPU = Release|Any CPU
	EndGlobalSection
	GlobalSection(ProjectConfigurationPlatforms) = postSolution
		{0A3E82F3-468F-40EB-B7A2-84D3F9B18A1C}.Debug|Any CPU.ActiveCfg = Debug|Any CPU
		{0A3E82F3-468F-40EB-B7A2-84D3F9B18A1C}.Debug|Any CPU.Build.0 = Debug|Any CPU
		{0A3E82F3-468F-40EB-B7A2-84D3F9B18A1C}.Release|Any CPU.ActiveCfg = Release|Any CPU
		{0A3E82F3-468F-40EB-B7A2-84D3F9B18A1C}.Release|Any CPU.Build.0 = Release|Any CPU
		{7E0316A1-A76F-40B1-B27B-75C55542D190}.Debug|Any CPU.ActiveCfg = Debug|Any CPU
		{7E0316A1-A76F-40B1-B27B-75C55542D190}.Debug|Any CPU.Build.0 = Debug|Any CPU
		{7E0316A1-A76F-40B1-B27B-75C55542D190}.Release|Any CPU.ActiveCfg = Release|Any CPU
		{7E0316A1-A76F-40B1-B27B-75C55542D190}.Release|Any CPU.Build.0 = Release|Any CPU
		{0E5BD229-2F96-49EC-A1F4-A4F5017977BB}.Debug|Any CPU.ActiveCfg = Debug|Any CPU
		{0E5BD229-2F96-49EC-A1F4-A4F5017977BB}.Debug|Any CPU.Build.0 = Debug|Any CPU
		{0E5BD229-2F96-49EC-A1F4-A4F5017977BB}.Release|Any CPU.ActiveCfg = Release|Any CPU
		{0E5BD229-2F96-49EC-A1F4-A4F5017977BB}.Release|Any CPU.Build.0 = Release|Any CPU
		{5E1DB977-1787-4FFD-9572-6ECD72E1E640}.Debug|Any CPU.ActiveCfg = Debug|Any CPU
		{5E1DB977-1787-4FFD-9572-6ECD72E1E640}.Debug|Any CPU.Build.0 = Debug|Any CPU
		{5E1DB977-1787-4FFD-9572-6ECD72E1E640}.Release|Any CPU.ActiveCfg = Release|Any CPU
		{5E1DB977-1787-4FFD-9572-6ECD72E1E640}.Release|Any CPU.Build.0 = Release|Any CPU
		{DED39D00-4846-45D4-A4E4-6B63692CF28D}.Debug|Any CPU.ActiveCfg = Debug|Any CPU
		{DED39D00-4846-45D4-A4E4-6B63692CF28D}.Debug|Any CPU.Build.0 = Debug|Any CPU
		{DED39D00-4846-45D4-A4E4-6B63692CF28D}.Release|Any CPU.ActiveCfg = Release|Any CPU
		{DED39D00-4846-45D4-A4E4-6B63692CF28D}.Release|Any CPU.Build.0 = Release|Any CPU
		{6A675D81-E006-4DF7-A7E4-B2A17C4EEC8C}.Debug|Any CPU.ActiveCfg = Debug|Any CPU
		{6A675D81-E006-4DF7-A7E4-B2A17C4EEC8C}.Debug|Any CPU.Build.0 = Debug|Any CPU
		{6A675D81-E006-4DF7-A7E4-B2A17C4EEC8C}.Release|Any CPU.ActiveCfg = Release|Any CPU
		{6A675D81-E006-4DF7-A7E4-B2A17C4EEC8C}.Release|Any CPU.Build.0 = Release|Any CPU
		{7EBD343A-71BE-472F-9B87-4DAC4F21CD63}.Debug|Any CPU.ActiveCfg = Debug|Any CPU
		{7EBD343A-71BE-472F-9B87-4DAC4F21CD63}.Debug|Any CPU.Build.0 = Debug|Any CPU
		{7EBD343A-71BE-472F-9B87-4DAC4F21CD63}.Release|Any CPU.ActiveCfg = Release|Any CPU
		{7EBD343A-71BE-472F-9B87-4DAC4F21CD63}.Release|Any CPU.Build.0 = Release|Any CPU
		{3F69A2CB-0A65-4D02-8DA0-BB08F813BB70}.Debug|Any CPU.ActiveCfg = Debug|Any CPU
		{3F69A2CB-0A65-4D02-8DA0-BB08F813BB70}.Debug|Any CPU.Build.0 = Debug|Any CPU
		{3F69A2CB-0A65-4D02-8DA0-BB08F813BB70}.Release|Any CPU.ActiveCfg = Release|Any CPU
		{3F69A2CB-0A65-4D02-8DA0-BB08F813BB70}.Release|Any CPU.Build.0 = Release|Any CPU
		{F4812CEE-02EC-4863-833B-AE78184ACD7C}.Debug|Any CPU.ActiveCfg = Debug|Any CPU
		{F4812CEE-02EC-4863-833B-AE78184ACD7C}.Debug|Any CPU.Build.0 = Debug|Any CPU
		{F4812CEE-02EC-4863-833B-AE78184ACD7C}.Release|Any CPU.ActiveCfg = Release|Any CPU
		{F4812CEE-02EC-4863-833B-AE78184ACD7C}.Release|Any CPU.Build.0 = Release|Any CPU
		{257B4226-D969-4CB0-8164-AAECB16410E4}.Debug|Any CPU.ActiveCfg = Debug|Any CPU
		{257B4226-D969-4CB0-8164-AAECB16410E4}.Debug|Any CPU.Build.0 = Debug|Any CPU
		{257B4226-D969-4CB0-8164-AAECB16410E4}.Release|Any CPU.ActiveCfg = Release|Any CPU
		{257B4226-D969-4CB0-8164-AAECB16410E4}.Release|Any CPU.Build.0 = Release|Any CPU
		{D6A7E555-B2FB-4961-BD96-8500B2EA492D}.Debug|Any CPU.ActiveCfg = Debug|Any CPU
		{D6A7E555-B2FB-4961-BD96-8500B2EA492D}.Debug|Any CPU.Build.0 = Debug|Any CPU
		{D6A7E555-B2FB-4961-BD96-8500B2EA492D}.Release|Any CPU.ActiveCfg = Release|Any CPU
		{D6A7E555-B2FB-4961-BD96-8500B2EA492D}.Release|Any CPU.Build.0 = Release|Any CPU
		{34CDC2E0-161B-4345-9914-2146EBE7D85B}.Debug|Any CPU.ActiveCfg = Debug|Any CPU
		{34CDC2E0-161B-4345-9914-2146EBE7D85B}.Debug|Any CPU.Build.0 = Debug|Any CPU
		{34CDC2E0-161B-4345-9914-2146EBE7D85B}.Release|Any CPU.ActiveCfg = Release|Any CPU
		{34CDC2E0-161B-4345-9914-2146EBE7D85B}.Release|Any CPU.Build.0 = Release|Any CPU
		{92DE952B-0BCB-4633-923D-8306954CC019}.Debug|Any CPU.ActiveCfg = Debug|Any CPU
		{92DE952B-0BCB-4633-923D-8306954CC019}.Debug|Any CPU.Build.0 = Debug|Any CPU
		{92DE952B-0BCB-4633-923D-8306954CC019}.Release|Any CPU.ActiveCfg = Release|Any CPU
		{92DE952B-0BCB-4633-923D-8306954CC019}.Release|Any CPU.Build.0 = Release|Any CPU
		{6C97D606-80A3-4080-986A-602A42BDE4E3}.Debug|Any CPU.ActiveCfg = Debug|Any CPU
		{6C97D606-80A3-4080-986A-602A42BDE4E3}.Debug|Any CPU.Build.0 = Debug|Any CPU
		{6C97D606-80A3-4080-986A-602A42BDE4E3}.Release|Any CPU.ActiveCfg = Release|Any CPU
		{6C97D606-80A3-4080-986A-602A42BDE4E3}.Release|Any CPU.Build.0 = Release|Any CPU
		{29EAD9EA-B206-426C-B5E9-FFDA2C3F4BC5}.Debug|Any CPU.ActiveCfg = Debug|Any CPU
		{29EAD9EA-B206-426C-B5E9-FFDA2C3F4BC5}.Debug|Any CPU.Build.0 = Debug|Any CPU
		{29EAD9EA-B206-426C-B5E9-FFDA2C3F4BC5}.Release|Any CPU.ActiveCfg = Release|Any CPU
		{29EAD9EA-B206-426C-B5E9-FFDA2C3F4BC5}.Release|Any CPU.Build.0 = Release|Any CPU
		{EB1D0E11-2CB9-4DDC-8E7F-30DFE1594B6D}.Debug|Any CPU.ActiveCfg = Debug|Any CPU
		{EB1D0E11-2CB9-4DDC-8E7F-30DFE1594B6D}.Debug|Any CPU.Build.0 = Debug|Any CPU
		{EB1D0E11-2CB9-4DDC-8E7F-30DFE1594B6D}.Release|Any CPU.ActiveCfg = Release|Any CPU
		{EB1D0E11-2CB9-4DDC-8E7F-30DFE1594B6D}.Release|Any CPU.Build.0 = Release|Any CPU
	EndGlobalSection
	GlobalSection(SolutionProperties) = preSolution
		HideSolutionNode = FALSE
	EndGlobalSection
	GlobalSection(NestedProjects) = preSolution
		{5E1DB977-1787-4FFD-9572-6ECD72E1E640} = {4C87A715-325F-4A64-9520-EC4CA2ECE682}
		{DED39D00-4846-45D4-A4E4-6B63692CF28D} = {4C87A715-325F-4A64-9520-EC4CA2ECE682}
		{6A675D81-E006-4DF7-A7E4-B2A17C4EEC8C} = {4C87A715-325F-4A64-9520-EC4CA2ECE682}
		{7EBD343A-71BE-472F-9B87-4DAC4F21CD63} = {4C87A715-325F-4A64-9520-EC4CA2ECE682}
		{3F69A2CB-0A65-4D02-8DA0-BB08F813BB70} = {4C87A715-325F-4A64-9520-EC4CA2ECE682}
		{F4812CEE-02EC-4863-833B-AE78184ACD7C} = {4C87A715-325F-4A64-9520-EC4CA2ECE682}
		{257B4226-D969-4CB0-8164-AAECB16410E4} = {4C87A715-325F-4A64-9520-EC4CA2ECE682}
		{D6A7E555-B2FB-4961-BD96-8500B2EA492D} = {4C87A715-325F-4A64-9520-EC4CA2ECE682}
		{6C97D606-80A3-4080-986A-602A42BDE4E3} = {4C87A715-325F-4A64-9520-EC4CA2ECE682}
		{29EAD9EA-B206-426C-B5E9-FFDA2C3F4BC5} = {4C87A715-325F-4A64-9520-EC4CA2ECE682}
	EndGlobalSection
	GlobalSection(ExtensibilityGlobals) = postSolution
		SolutionGuid = {139E866D-C4AA-4310-8052-F0F79CD4A465}
	EndGlobalSection
EndGlobal
