
Microsoft Visual Studio Solution File, Format Version 12.00
# Visual Studio Version 17
VisualStudioVersion = 17.9.34616.47
MinimumVisualStudioVersion = 10.0.40219.1
Project("{9A19103F-16F7-4668-BE54-9A1E7A4F7556}") = "WilderTrees", "BetterFruitTrees\WilderTrees.csproj", "{0A3E82F3-468F-40EB-B7A2-84D3F9B18A1C}"
EndProject
Project("{9A19103F-16F7-4668-BE54-9A1E7A4F7556}") = "HorseReskin", "HorseReskin\HorseReskin.csproj", "{7E0316A1-A76F-40B1-B27B-75C55542D190}"
EndProject
Project("{9A19103F-16F7-4668-BE54-9A1E7A4F7556}") = "FrenshipRings", "FrenshipRings\FrenshipRings.csproj", "{34CDC2E0-161B-4345-9914-2146EBE7D85B}"
EndProject
Project("{9A19103F-16F7-4668-BE54-9A1E7A4F7556}") = "DeepSea", "DeepSea\DeepSea.csproj", "{92DE952B-0BCB-4633-923D-8306954CC019}"
EndProject
Project("{9A19103F-16F7-4668-BE54-9A1E7A4F7556}") = "AnimalRepro", "AnimalRepro\AnimalRepro.csproj", "{DC99F9B6-9F0D-4699-9905-D905C9C904C3}"
EndProject
Project("{9A19103F-16F7-4668-BE54-9A1E7A4F7556}") = "BugNet2", "BugNet2\BugNet2.csproj", "{1215138C-3A23-4DEF-9634-EA8753571900}"
EndProject
Project("{9A19103F-16F7-4668-BE54-9A1E7A4F7556}") = "DinoForm2", "DinoForm2\DinoForm2.csproj", "{46021592-8892-4C5F-A273-1EBAB85F36DA}"
EndProject
Project("{9A19103F-16F7-4668-BE54-9A1E7A4F7556}") = "CritterFixes", "CritterFixes\CritterFixes.csproj", "{85197508-D9E7-46B1-A2F3-7CB5FB2BCEBA}"
EndProject
Project("{9A19103F-16F7-4668-BE54-9A1E7A4F7556}") = "CustomCritters2", "CustomCritters2\CustomCritters2.csproj", "{1C582055-21C0-4A05-8F22-3B65442B4CE3}"
EndProject
Project("{9A19103F-16F7-4668-BE54-9A1E7A4F7556}") = "ButterflyCompanion", "ButterflyCompanion\ButterflyCompanion.csproj", "{0868098C-49C7-49CE-98C6-215222E0C275}"
EndProject
Project("{FAE04EC0-301F-11D3-BF4B-00C04F79EFBC}") = "MonsterHutch", "MonsterHutch\MonsterHutch.csproj", "{62BF1523-AED0-4870-80AF-C63E9E7073FC}"
EndProject
Project("{FAE04EC0-301F-11D3-BF4B-00C04F79EFBC}") = "Agrivoltaics", "Agrivoltaics\Agrivoltaics.csproj", "{7B88827D-96BA-48DB-8939-627533AE82A2}"
EndProject
Project("{FAE04EC0-301F-11D3-BF4B-00C04F79EFBC}") = "PauseEventTime", "PauseEventTime\PauseEventTime.csproj", "{6197A826-ECDB-4E3A-B6E5-20B9E0D34DFB}"
EndProject
Project("{FAE04EC0-301F-11D3-BF4B-00C04F79EFBC}") = "MonsterHutchFramework", "MonsterHutchFramework\MonsterHutchFramework.csproj", "{24F59033-236A-4EF3-92F1-CC42CA6DD28E}"
EndProject
Project("{FAE04EC0-301F-11D3-BF4B-00C04F79EFBC}") = "MonstersTheFramework", "MonstersTheFramework\MonstersTheFramework.csproj", "{EFC527B7-E987-43DE-964A-C0FB993FFE74}"
EndProject
Global
	GlobalSection(SolutionConfigurationPlatforms) = preSolution
		Debug|Any CPU = Debug|Any CPU
		Release|Any CPU = Release|Any CPU
	EndGlobalSection
	GlobalSection(ProjectConfigurationPlatforms) = postSolution
		{0A3E82F3-468F-40EB-B7A2-84D3F9B18A1C}.Debug|Any CPU.ActiveCfg = Debug|Any CPU
		{0A3E82F3-468F-40EB-B7A2-84D3F9B18A1C}.Debug|Any CPU.Build.0 = Debug|Any CPU
		{0A3E82F3-468F-40EB-B7A2-84D3F9B18A1C}.Release|Any CPU.ActiveCfg = Release|Any CPU
		{0A3E82F3-468F-40EB-B7A2-84D3F9B18A1C}.Release|Any CPU.Build.0 = Release|Any CPU
		{7E0316A1-A76F-40B1-B27B-75C55542D190}.Debug|Any CPU.ActiveCfg = Debug|Any CPU
		{7E0316A1-A76F-40B1-B27B-75C55542D190}.Debug|Any CPU.Build.0 = Debug|Any CPU
		{7E0316A1-A76F-40B1-B27B-75C55542D190}.Release|Any CPU.ActiveCfg = Release|Any CPU
		{7E0316A1-A76F-40B1-B27B-75C55542D190}.Release|Any CPU.Build.0 = Release|Any CPU
		{34CDC2E0-161B-4345-9914-2146EBE7D85B}.Debug|Any CPU.ActiveCfg = Debug|Any CPU
		{34CDC2E0-161B-4345-9914-2146EBE7D85B}.Debug|Any CPU.Build.0 = Debug|Any CPU
		{34CDC2E0-161B-4345-9914-2146EBE7D85B}.Release|Any CPU.ActiveCfg = Release|Any CPU
		{34CDC2E0-161B-4345-9914-2146EBE7D85B}.Release|Any CPU.Build.0 = Release|Any CPU
		{92DE952B-0BCB-4633-923D-8306954CC019}.Debug|Any CPU.ActiveCfg = Debug|Any CPU
		{92DE952B-0BCB-4633-923D-8306954CC019}.Debug|Any CPU.Build.0 = Debug|Any CPU
		{92DE952B-0BCB-4633-923D-8306954CC019}.Release|Any CPU.ActiveCfg = Release|Any CPU
		{92DE952B-0BCB-4633-923D-8306954CC019}.Release|Any CPU.Build.0 = Release|Any CPU
		{DC99F9B6-9F0D-4699-9905-D905C9C904C3}.Debug|Any CPU.ActiveCfg = Debug|Any CPU
		{DC99F9B6-9F0D-4699-9905-D905C9C904C3}.Debug|Any CPU.Build.0 = Debug|Any CPU
		{DC99F9B6-9F0D-4699-9905-D905C9C904C3}.Release|Any CPU.ActiveCfg = Release|Any CPU
		{DC99F9B6-9F0D-4699-9905-D905C9C904C3}.Release|Any CPU.Build.0 = Release|Any CPU
		{1215138C-3A23-4DEF-9634-EA8753571900}.Debug|Any CPU.ActiveCfg = Debug|Any CPU
		{1215138C-3A23-4DEF-9634-EA8753571900}.Debug|Any CPU.Build.0 = Debug|Any CPU
		{1215138C-3A23-4DEF-9634-EA8753571900}.Release|Any CPU.ActiveCfg = Release|Any CPU
		{1215138C-3A23-4DEF-9634-EA8753571900}.Release|Any CPU.Build.0 = Release|Any CPU
		{46021592-8892-4C5F-A273-1EBAB85F36DA}.Debug|Any CPU.ActiveCfg = Debug|Any CPU
		{46021592-8892-4C5F-A273-1EBAB85F36DA}.Debug|Any CPU.Build.0 = Debug|Any CPU
		{46021592-8892-4C5F-A273-1EBAB85F36DA}.Release|Any CPU.ActiveCfg = Release|Any CPU
		{46021592-8892-4C5F-A273-1EBAB85F36DA}.Release|Any CPU.Build.0 = Release|Any CPU
		{85197508-D9E7-46B1-A2F3-7CB5FB2BCEBA}.Debug|Any CPU.ActiveCfg = Debug|Any CPU
		{85197508-D9E7-46B1-A2F3-7CB5FB2BCEBA}.Debug|Any CPU.Build.0 = Debug|Any CPU
		{85197508-D9E7-46B1-A2F3-7CB5FB2BCEBA}.Release|Any CPU.ActiveCfg = Release|Any CPU
		{85197508-D9E7-46B1-A2F3-7CB5FB2BCEBA}.Release|Any CPU.Build.0 = Release|Any CPU
		{1C582055-21C0-4A05-8F22-3B65442B4CE3}.Debug|Any CPU.ActiveCfg = Debug|Any CPU
		{1C582055-21C0-4A05-8F22-3B65442B4CE3}.Debug|Any CPU.Build.0 = Debug|Any CPU
		{1C582055-21C0-4A05-8F22-3B65442B4CE3}.Release|Any CPU.ActiveCfg = Release|Any CPU
		{1C582055-21C0-4A05-8F22-3B65442B4CE3}.Release|Any CPU.Build.0 = Release|Any CPU
		{0868098C-49C7-49CE-98C6-215222E0C275}.Debug|Any CPU.ActiveCfg = Debug|Any CPU
		{0868098C-49C7-49CE-98C6-215222E0C275}.Debug|Any CPU.Build.0 = Debug|Any CPU
		{0868098C-49C7-49CE-98C6-215222E0C275}.Release|Any CPU.ActiveCfg = Release|Any CPU
		{0868098C-49C7-49CE-98C6-215222E0C275}.Release|Any CPU.Build.0 = Release|Any CPU
		{62BF1523-AED0-4870-80AF-C63E9E7073FC}.Debug|Any CPU.ActiveCfg = Debug|Any CPU
		{62BF1523-AED0-4870-80AF-C63E9E7073FC}.Debug|Any CPU.Build.0 = Debug|Any CPU
		{62BF1523-AED0-4870-80AF-C63E9E7073FC}.Release|Any CPU.ActiveCfg = Release|Any CPU
		{62BF1523-AED0-4870-80AF-C63E9E7073FC}.Release|Any CPU.Build.0 = Release|Any CPU
		{7B88827D-96BA-48DB-8939-627533AE82A2}.Debug|Any CPU.ActiveCfg = Debug|Any CPU
		{7B88827D-96BA-48DB-8939-627533AE82A2}.Debug|Any CPU.Build.0 = Debug|Any CPU
		{7B88827D-96BA-48DB-8939-627533AE82A2}.Release|Any CPU.ActiveCfg = Release|Any CPU
		{7B88827D-96BA-48DB-8939-627533AE82A2}.Release|Any CPU.Build.0 = Release|Any CPU
		{6197A826-ECDB-4E3A-B6E5-20B9E0D34DFB}.Debug|Any CPU.ActiveCfg = Debug|Any CPU
		{6197A826-ECDB-4E3A-B6E5-20B9E0D34DFB}.Debug|Any CPU.Build.0 = Debug|Any CPU
		{6197A826-ECDB-4E3A-B6E5-20B9E0D34DFB}.Release|Any CPU.ActiveCfg = Release|Any CPU
		{6197A826-ECDB-4E3A-B6E5-20B9E0D34DFB}.Release|Any CPU.Build.0 = Release|Any CPU
		{24F59033-236A-4EF3-92F1-CC42CA6DD28E}.Debug|Any CPU.ActiveCfg = Debug|Any CPU
		{24F59033-236A-4EF3-92F1-CC42CA6DD28E}.Debug|Any CPU.Build.0 = Debug|Any CPU
		{24F59033-236A-4EF3-92F1-CC42CA6DD28E}.Release|Any CPU.ActiveCfg = Release|Any CPU
		{24F59033-236A-4EF3-92F1-CC42CA6DD28E}.Release|Any CPU.Build.0 = Release|Any CPU
		{EFC527B7-E987-43DE-964A-C0FB993FFE74}.Debug|Any CPU.ActiveCfg = Debug|Any CPU
		{EFC527B7-E987-43DE-964A-C0FB993FFE74}.Debug|Any CPU.Build.0 = Debug|Any CPU
		{EFC527B7-E987-43DE-964A-C0FB993FFE74}.Release|Any CPU.ActiveCfg = Release|Any CPU
		{EFC527B7-E987-43DE-964A-C0FB993FFE74}.Release|Any CPU.Build.0 = Release|Any CPU
	EndGlobalSection
	GlobalSection(SolutionProperties) = preSolution
		HideSolutionNode = FALSE
	EndGlobalSection
	GlobalSection(ExtensibilityGlobals) = postSolution
		SolutionGuid = {139E866D-C4AA-4310-8052-F0F79CD4A465}
	EndGlobalSection
EndGlobal
